
Microsoft Visual Studio Solution File, Format Version 12.00
# Visual Studio Version 16
VisualStudioVersion = 16.0.30104.148
MinimumVisualStudioVersion = 10.0.40219.1
Project("{9A19103F-16F7-4668-BE54-9A1E7A4F7556}") = "opg-201910-interview", "opg-201910-interview.csproj", "{AA7C6819-04AC-4A0F-A5AD-1E3F7EFC3455}"
EndProject
Global
	GlobalSection(SolutionConfigurationPlatforms) = preSolution
		Debug|Any CPU = Debug|Any CPU
		Release|Any CPU = Release|Any CPU
	EndGlobalSection
	GlobalSection(ProjectConfigurationPlatforms) = postSolution
		{AA7C6819-04AC-4A0F-A5AD-1E3F7EFC3455}.Debug|Any CPU.ActiveCfg = Debug|Any CPU
		{AA7C6819-04AC-4A0F-A5AD-1E3F7EFC3455}.Debug|Any CPU.Build.0 = Debug|Any CPU
		{AA7C6819-04AC-4A0F-A5AD-1E3F7EFC3455}.Release|Any CPU.ActiveCfg = Release|Any CPU
		{AA7C6819-04AC-4A0F-A5AD-1E3F7EFC3455}.Release|Any CPU.Build.0 = Release|Any CPU
	EndGlobalSection
	GlobalSection(SolutionProperties) = preSolution
		HideSolutionNode = FALSE
	EndGlobalSection
	GlobalSection(ExtensibilityGlobals) = postSolution
		SolutionGuid = {86DB05E2-C335-4B9B-809E-376BF4461DAB}
	EndGlobalSection
EndGlobal
